
Microsoft Visual Studio Solution File, Format Version 12.00
# Visual Studio Version 16
VisualStudioVersion = 16.0.30320.27
MinimumVisualStudioVersion = 10.0.40219.1
Project("{FAE04EC0-301F-11D3-BF4B-00C04F79EFBC}") = "Pipette", "Pipette\Pipette.csproj", "{53A8E1EA-A6B4-4B0C-ACD5-8738F7605747}"
EndProject
Global
	GlobalSection(SolutionConfigurationPlatforms) = preSolution
		Debug|Any CPU = Debug|Any CPU
		Release|Any CPU = Release|Any CPU
	EndGlobalSection
	GlobalSection(ProjectConfigurationPlatforms) = postSolution
		{53A8E1EA-A6B4-4B0C-ACD5-8738F7605747}.Debug|Any CPU.ActiveCfg = Debug|Any CPU
		{53A8E1EA-A6B4-4B0C-ACD5-8738F7605747}.Debug|Any CPU.Build.0 = Debug|Any CPU
		{53A8E1EA-A6B4-4B0C-ACD5-8738F7605747}.Release|Any CPU.ActiveCfg = Release|Any CPU
		{53A8E1EA-A6B4-4B0C-ACD5-8738F7605747}.Release|Any CPU.Build.0 = Release|Any CPU
	EndGlobalSection
	GlobalSection(SolutionProperties) = preSolution
		HideSolutionNode = FALSE
	EndGlobalSection
	GlobalSection(ExtensibilityGlobals) = postSolution
		SolutionGuid = {074AD799-EA7A-4747-84E2-6B981E04FA7E}
	EndGlobalSection
EndGlobal
